
Microsoft Visual Studio Solution File, Format Version 12.00
# Visual Studio 15
VisualStudioVersion = 15.0.28307.421
MinimumVisualStudioVersion = 10.0.40219.1
Project("{FAE04EC0-301F-11D3-BF4B-00C04F79EFBC}") = "CSharp3", "ConsoleApp5\CSharp3.csproj", "{020CBC64-A2BE-468E-9BA4-1D2812671057}"
EndProject
Global
	GlobalSection(SolutionConfigurationPlatforms) = preSolution
		Debug|Any CPU = Debug|Any CPU
		Release|Any CPU = Release|Any CPU
	EndGlobalSection
	GlobalSection(ProjectConfigurationPlatforms) = postSolution
		{020CBC64-A2BE-468E-9BA4-1D2812671057}.Debug|Any CPU.ActiveCfg = Debug|Any CPU
		{020CBC64-A2BE-468E-9BA4-1D2812671057}.Debug|Any CPU.Build.0 = Debug|Any CPU
		{020CBC64-A2BE-468E-9BA4-1D2812671057}.Release|Any CPU.ActiveCfg = Release|Any CPU
		{020CBC64-A2BE-468E-9BA4-1D2812671057}.Release|Any CPU.Build.0 = Release|Any CPU
	EndGlobalSection
	GlobalSection(SolutionProperties) = preSolution
		HideSolutionNode = FALSE
	EndGlobalSection
	GlobalSection(ExtensibilityGlobals) = postSolution
		SolutionGuid = {035D8893-9E23-4354-B77A-49F9F6836483}
	EndGlobalSection
EndGlobal
